
Microsoft Visual Studio Solution File, Format Version 12.00
# Visual Studio 2013
VisualStudioVersion = 12.0.30110.0
MinimumVisualStudioVersion = 10.0.40219.1
Project("{FAE04EC0-301F-11D3-BF4B-00C04F79EFBC}") = "SuperWebApp", "SuperWebApp\SuperWebApp.csproj", "{5C666676-E59B-4086-BCDE-BC251C9187C0}"
EndProject
Project("{FAE04EC0-301F-11D3-BF4B-00C04F79EFBC}") = "SuperWebApp.Component", "SuperWebApp.Component\SuperWebApp.Component.csproj", "{633F6549-3C16-4AAD-A770-78E2E38D5260}"
EndProject
Project("{FAE04EC0-301F-11D3-BF4B-00C04F79EFBC}") = "SuperWebApp.UnitTests", "SuperWebApp.UnitTests\SuperWebApp.UnitTests.csproj", "{746531FC-3E97-43AD-B482-0FEE6E2D1F0D}"
EndProject
Global
	GlobalSection(SolutionConfigurationPlatforms) = preSolution
		Debug|Any CPU = Debug|Any CPU
		Release|Any CPU = Release|Any CPU
	EndGlobalSection
	GlobalSection(ProjectConfigurationPlatforms) = postSolution
		{5C666676-E59B-4086-BCDE-BC251C9187C0}.Debug|Any CPU.ActiveCfg = Debug|Any CPU
		{5C666676-E59B-4086-BCDE-BC251C9187C0}.Debug|Any CPU.Build.0 = Debug|Any CPU
		{5C666676-E59B-4086-BCDE-BC251C9187C0}.Release|Any CPU.ActiveCfg = Release|Any CPU
		{5C666676-E59B-4086-BCDE-BC251C9187C0}.Release|Any CPU.Build.0 = Release|Any CPU
		{633F6549-3C16-4AAD-A770-78E2E38D5260}.Debug|Any CPU.ActiveCfg = Debug|Any CPU
		{633F6549-3C16-4AAD-A770-78E2E38D5260}.Debug|Any CPU.Build.0 = Debug|Any CPU
		{633F6549-3C16-4AAD-A770-78E2E38D5260}.Release|Any CPU.ActiveCfg = Release|Any CPU
		{633F6549-3C16-4AAD-A770-78E2E38D5260}.Release|Any CPU.Build.0 = Release|Any CPU
		{746531FC-3E97-43AD-B482-0FEE6E2D1F0D}.Debug|Any CPU.ActiveCfg = Debug|Any CPU
		{746531FC-3E97-43AD-B482-0FEE6E2D1F0D}.Debug|Any CPU.Build.0 = Debug|Any CPU
		{746531FC-3E97-43AD-B482-0FEE6E2D1F0D}.Release|Any CPU.ActiveCfg = Release|Any CPU
		{746531FC-3E97-43AD-B482-0FEE6E2D1F0D}.Release|Any CPU.Build.0 = Release|Any CPU
	EndGlobalSection
	GlobalSection(SolutionProperties) = preSolution
		HideSolutionNode = FALSE
	EndGlobalSection
EndGlobal
